
Microsoft Visual Studio Solution File, Format Version 12.00
# Visual Studio Version 16
VisualStudioVersion = 16.0.29519.87
MinimumVisualStudioVersion = 10.0.40219.1
Project("{FAE04EC0-301F-11D3-BF4B-00C04F79EFBC}") = "FlaUiTests", "FlaUiTests\FlaUiTests.csproj", "{BCB9E6B8-8CCC-4CA4-87CA-ACC39F9DFA57}"
EndProject
Global
	GlobalSection(SolutionConfigurationPlatforms) = preSolution
		Debug|Any CPU = Debug|Any CPU
		Release|Any CPU = Release|Any CPU
	EndGlobalSection
	GlobalSection(ProjectConfigurationPlatforms) = postSolution
		{BCB9E6B8-8CCC-4CA4-87CA-ACC39F9DFA57}.Debug|Any CPU.ActiveCfg = Debug|Any CPU
		{BCB9E6B8-8CCC-4CA4-87CA-ACC39F9DFA57}.Debug|Any CPU.Build.0 = Debug|Any CPU
		{BCB9E6B8-8CCC-4CA4-87CA-ACC39F9DFA57}.Release|Any CPU.ActiveCfg = Release|Any CPU
		{BCB9E6B8-8CCC-4CA4-87CA-ACC39F9DFA57}.Release|Any CPU.Build.0 = Release|Any CPU
	EndGlobalSection
	GlobalSection(SolutionProperties) = preSolution
		HideSolutionNode = FALSE
	EndGlobalSection
	GlobalSection(ExtensibilityGlobals) = postSolution
		SolutionGuid = {AEE7CBB6-08DA-4E95-A53F-93F7377087D2}
	EndGlobalSection
EndGlobal
